
Microsoft Visual Studio Solution File, Format Version 12.00
# Visual Studio Version 17
VisualStudioVersion = 17.9.34728.123
MinimumVisualStudioVersion = 10.0.40219.1
Project("{9A19103F-16F7-4668-BE54-9A1E7A4F7556}") = "ESimConnect", "ESimConnect\ESimConnect.csproj", "{6FBE7F7D-24CC-4BF1-98C1-4E3436CDCC2F}"
EndProject
Project("{9A19103F-16F7-4668-BE54-9A1E7A4F7556}") = "ESimConnectTest", "ESimConnectTest\ESimConnectTest.csproj", "{9232F42D-9012-4F40-9338-D8EBAE77481A}"
EndProject
Project("{2150E333-8FDC-42A3-9474-1A3956D46DE8}") = "DLLs", "DLLs", "{95F4DEB8-6FA6-464A-8EA6-8DB8439D4BA3}"
	ProjectSection(SolutionItems) = preProject
		DLLs\ESystem.dll = DLLs\ESystem.dll
		DLLs\Microsoft.FlightSimulator.SimConnect.dll = DLLs\Microsoft.FlightSimulator.SimConnect.dll
		DLLs\SimConnect.dll = DLLs\SimConnect.dll
	EndProjectSection
EndProject
Project("{FAE04EC0-301F-11D3-BF4B-00C04F79EFBC}") = "ESimConnectDemo", "ESimConnectDemo\ESimConnectDemo.csproj", "{D3F687CB-AD4A-41F1-9BE7-749EF1ACBA36}"
EndProject
Project("{2150E333-8FDC-42A3-9474-1A3956D46DE8}") = "Tutorials", "Tutorials", "{02EA681E-C7D8-13C7-8484-4AC65E1B71E8}"
EndProject
Project("{FAE04EC0-301F-11D3-BF4B-00C04F79EFBC}") = "ESimConnectSimVarRead", "Tutorials\ESimConnectSimVarRead\ESimConnectSimVarRead.csproj", "{470B48F5-17B9-41D9-8638-2B9BC306A1C2}"
EndProject
Project("{FAE04EC0-301F-11D3-BF4B-00C04F79EFBC}") = "ESimConnectSimEvent", "Tutorials\ESimConnectSimEvent\ESimConnectSimEvent.csproj", "{107C7966-EE3D-410E-98D2-0A2D229EA81A}"
EndProject
Project("{FAE04EC0-301F-11D3-BF4B-00C04F79EFBC}") = "ValueCacheExtenderExample", "Tutorials\ValueCacheExtenderExample\ValueCacheExtenderExample.csproj", "{668DC7EF-4ECA-4E1A-89F3-7793A2EC3A9F}"
EndProject
Project("{FAE04EC0-301F-11D3-BF4B-00C04F79EFBC}") = "ESimConnectSimVarStruct", "Tutorials\ESimConnectSimVarStruct\ESimConnectSimVarStruct.csproj", "{630A58DC-1B43-4AC5-8EA3-5D880D225AB4}"
EndProject
Project("{FAE04EC0-301F-11D3-BF4B-00C04F79EFBC}") = "TypeCacheExtenderExample", "Tutorials\TypeCacheExtenderExample\TypeCacheExtenderExample.csproj", "{23D67489-0988-4EB6-8E21-D240F431AC2E}"
EndProject
Project("{FAE04EC0-301F-11D3-BF4B-00C04F79EFBC}") = "OpenAndSimTimeExtendersExample", "Tutorials\OpenAndSimTimeExtendersExample\OpenAndSimTimeExtendersExample.csproj", "{B4FF5318-3EF2-4C13-A2DC-D59750E41A46}"
EndProject
Project("{2150E333-8FDC-42A3-9474-1A3956D46DE8}") = "Tools", "Tools", "{EB4BD3C8-0EA1-428A-82C4-214F24E6EFCA}"
EndProject
Project("{FAE04EC0-301F-11D3-BF4B-00C04F79EFBC}") = "SimVarLogger", "Tools\SimVarLogger\SimVarLogger.csproj", "{F8B71CE3-FF09-4622-8B77-EDAEBFCD0FB2}"
EndProject
Project("{FAE04EC0-301F-11D3-BF4B-00C04F79EFBC}") = "VerticalSpeedTester", "Tools\VerticalSpeedTester\VerticalSpeedTester.csproj", "{A10EB82D-DF45-4126-8217-5E8D6A3BD604}"
EndProject
Project("{FAE04EC0-301F-11D3-BF4B-00C04F79EFBC}") = "ESimConnectClientEvent", "Tutorials\ESimConnectClientEvent\ESimConnectClientEvent.csproj", "{EBB24D53-9C3C-4CFE-B09F-991CBD2FB0BB}"
EndProject
Global
	GlobalSection(SolutionConfigurationPlatforms) = preSolution
		Debug|Any CPU = Debug|Any CPU
		Release|Any CPU = Release|Any CPU
	EndGlobalSection
	GlobalSection(ProjectConfigurationPlatforms) = postSolution
		{6FBE7F7D-24CC-4BF1-98C1-4E3436CDCC2F}.Debug|Any CPU.ActiveCfg = Debug|Any CPU
		{6FBE7F7D-24CC-4BF1-98C1-4E3436CDCC2F}.Debug|Any CPU.Build.0 = Debug|Any CPU
		{6FBE7F7D-24CC-4BF1-98C1-4E3436CDCC2F}.Release|Any CPU.ActiveCfg = Release|Any CPU
		{6FBE7F7D-24CC-4BF1-98C1-4E3436CDCC2F}.Release|Any CPU.Build.0 = Release|Any CPU
		{9232F42D-9012-4F40-9338-D8EBAE77481A}.Debug|Any CPU.ActiveCfg = Debug|Any CPU
		{9232F42D-9012-4F40-9338-D8EBAE77481A}.Debug|Any CPU.Build.0 = Debug|Any CPU
		{9232F42D-9012-4F40-9338-D8EBAE77481A}.Release|Any CPU.ActiveCfg = Release|Any CPU
		{9232F42D-9012-4F40-9338-D8EBAE77481A}.Release|Any CPU.Build.0 = Release|Any CPU
		{D3F687CB-AD4A-41F1-9BE7-749EF1ACBA36}.Debug|Any CPU.ActiveCfg = Debug|Any CPU
		{D3F687CB-AD4A-41F1-9BE7-749EF1ACBA36}.Debug|Any CPU.Build.0 = Debug|Any CPU
		{D3F687CB-AD4A-41F1-9BE7-749EF1ACBA36}.Release|Any CPU.ActiveCfg = Release|Any CPU
		{D3F687CB-AD4A-41F1-9BE7-749EF1ACBA36}.Release|Any CPU.Build.0 = Release|Any CPU
		{470B48F5-17B9-41D9-8638-2B9BC306A1C2}.Debug|Any CPU.ActiveCfg = Debug|Any CPU
		{470B48F5-17B9-41D9-8638-2B9BC306A1C2}.Debug|Any CPU.Build.0 = Debug|Any CPU
		{470B48F5-17B9-41D9-8638-2B9BC306A1C2}.Release|Any CPU.ActiveCfg = Release|Any CPU
		{470B48F5-17B9-41D9-8638-2B9BC306A1C2}.Release|Any CPU.Build.0 = Release|Any CPU
		{107C7966-EE3D-410E-98D2-0A2D229EA81A}.Debug|Any CPU.ActiveCfg = Debug|Any CPU
		{107C7966-EE3D-410E-98D2-0A2D229EA81A}.Debug|Any CPU.Build.0 = Debug|Any CPU
		{107C7966-EE3D-410E-98D2-0A2D229EA81A}.Release|Any CPU.ActiveCfg = Release|Any CPU
		{107C7966-EE3D-410E-98D2-0A2D229EA81A}.Release|Any CPU.Build.0 = Release|Any CPU
		{668DC7EF-4ECA-4E1A-89F3-7793A2EC3A9F}.Debug|Any CPU.ActiveCfg = Debug|Any CPU
		{668DC7EF-4ECA-4E1A-89F3-7793A2EC3A9F}.Debug|Any CPU.Build.0 = Debug|Any CPU
		{668DC7EF-4ECA-4E1A-89F3-7793A2EC3A9F}.Release|Any CPU.ActiveCfg = Release|Any CPU
		{668DC7EF-4ECA-4E1A-89F3-7793A2EC3A9F}.Release|Any CPU.Build.0 = Release|Any CPU
		{630A58DC-1B43-4AC5-8EA3-5D880D225AB4}.Debug|Any CPU.ActiveCfg = Debug|Any CPU
		{630A58DC-1B43-4AC5-8EA3-5D880D225AB4}.Debug|Any CPU.Build.0 = Debug|Any CPU
		{630A58DC-1B43-4AC5-8EA3-5D880D225AB4}.Release|Any CPU.ActiveCfg = Release|Any CPU
		{630A58DC-1B43-4AC5-8EA3-5D880D225AB4}.Release|Any CPU.Build.0 = Release|Any CPU
		{23D67489-0988-4EB6-8E21-D240F431AC2E}.Debug|Any CPU.ActiveCfg = Debug|Any CPU
		{23D67489-0988-4EB6-8E21-D240F431AC2E}.Debug|Any CPU.Build.0 = Debug|Any CPU
		{23D67489-0988-4EB6-8E21-D240F431AC2E}.Release|Any CPU.ActiveCfg = Release|Any CPU
		{23D67489-0988-4EB6-8E21-D240F431AC2E}.Release|Any CPU.Build.0 = Release|Any CPU
		{B4FF5318-3EF2-4C13-A2DC-D59750E41A46}.Debug|Any CPU.ActiveCfg = Debug|Any CPU
		{B4FF5318-3EF2-4C13-A2DC-D59750E41A46}.Debug|Any CPU.Build.0 = Debug|Any CPU
		{B4FF5318-3EF2-4C13-A2DC-D59750E41A46}.Release|Any CPU.ActiveCfg = Release|Any CPU
		{B4FF5318-3EF2-4C13-A2DC-D59750E41A46}.Release|Any CPU.Build.0 = Release|Any CPU
		{F8B71CE3-FF09-4622-8B77-EDAEBFCD0FB2}.Debug|Any CPU.ActiveCfg = Debug|Any CPU
		{F8B71CE3-FF09-4622-8B77-EDAEBFCD0FB2}.Debug|Any CPU.Build.0 = Debug|Any CPU
		{F8B71CE3-FF09-4622-8B77-EDAEBFCD0FB2}.Release|Any CPU.ActiveCfg = Release|Any CPU
		{F8B71CE3-FF09-4622-8B77-EDAEBFCD0FB2}.Release|Any CPU.Build.0 = Release|Any CPU
		{A10EB82D-DF45-4126-8217-5E8D6A3BD604}.Debug|Any CPU.ActiveCfg = Debug|Any CPU
		{A10EB82D-DF45-4126-8217-5E8D6A3BD604}.Debug|Any CPU.Build.0 = Debug|Any CPU
		{A10EB82D-DF45-4126-8217-5E8D6A3BD604}.Release|Any CPU.ActiveCfg = Release|Any CPU
		{A10EB82D-DF45-4126-8217-5E8D6A3BD604}.Release|Any CPU.Build.0 = Release|Any CPU
		{EBB24D53-9C3C-4CFE-B09F-991CBD2FB0BB}.Debug|Any CPU.ActiveCfg = Debug|Any CPU
		{EBB24D53-9C3C-4CFE-B09F-991CBD2FB0BB}.Debug|Any CPU.Build.0 = Debug|Any CPU
		{EBB24D53-9C3C-4CFE-B09F-991CBD2FB0BB}.Release|Any CPU.ActiveCfg = Release|Any CPU
		{EBB24D53-9C3C-4CFE-B09F-991CBD2FB0BB}.Release|Any CPU.Build.0 = Release|Any CPU
	EndGlobalSection
	GlobalSection(SolutionProperties) = preSolution
		HideSolutionNode = FALSE
	EndGlobalSection
	GlobalSection(NestedProjects) = preSolution
		{470B48F5-17B9-41D9-8638-2B9BC306A1C2} = {02EA681E-C7D8-13C7-8484-4AC65E1B71E8}
		{107C7966-EE3D-410E-98D2-0A2D229EA81A} = {02EA681E-C7D8-13C7-8484-4AC65E1B71E8}
		{668DC7EF-4ECA-4E1A-89F3-7793A2EC3A9F} = {02EA681E-C7D8-13C7-8484-4AC65E1B71E8}
		{630A58DC-1B43-4AC5-8EA3-5D880D225AB4} = {02EA681E-C7D8-13C7-8484-4AC65E1B71E8}
		{23D67489-0988-4EB6-8E21-D240F431AC2E} = {02EA681E-C7D8-13C7-8484-4AC65E1B71E8}
		{B4FF5318-3EF2-4C13-A2DC-D59750E41A46} = {02EA681E-C7D8-13C7-8484-4AC65E1B71E8}
		{F8B71CE3-FF09-4622-8B77-EDAEBFCD0FB2} = {EB4BD3C8-0EA1-428A-82C4-214F24E6EFCA}
		{A10EB82D-DF45-4126-8217-5E8D6A3BD604} = {EB4BD3C8-0EA1-428A-82C4-214F24E6EFCA}
		{EBB24D53-9C3C-4CFE-B09F-991CBD2FB0BB} = {02EA681E-C7D8-13C7-8484-4AC65E1B71E8}
	EndGlobalSection
	GlobalSection(ExtensibilityGlobals) = postSolution
		SolutionGuid = {E1CEC6B8-45BC-4B0C-98ED-A0B48A9D3EA7}
	EndGlobalSection
EndGlobal
